
Microsoft Visual Studio Solution File, Format Version 12.00
# Visual Studio Version 16
VisualStudioVersion = 25.0.1704.2
MinimumVisualStudioVersion = 10.0.40219.1
Project("{FAE04EC0-301F-11D3-BF4B-00C04F79EFBC}") = "SS2POS", "SS2POS\SS2POS.csproj", "{D52C9F57-23B2-4B36-ADF8-F743B9F22FB7}"
EndProject
Global
	GlobalSection(SolutionConfigurationPlatforms) = preSolution
		Debug|Any CPU = Debug|Any CPU
		Release|Any CPU = Release|Any CPU
	EndGlobalSection
	GlobalSection(ProjectConfigurationPlatforms) = postSolution
		{D52C9F57-23B2-4B36-ADF8-F743B9F22FB7}.Debug|Any CPU.ActiveCfg = Debug|Any CPU
		{D52C9F57-23B2-4B36-ADF8-F743B9F22FB7}.Debug|Any CPU.Build.0 = Debug|Any CPU
		{D52C9F57-23B2-4B36-ADF8-F743B9F22FB7}.Release|Any CPU.ActiveCfg = Release|Any CPU
		{D52C9F57-23B2-4B36-ADF8-F743B9F22FB7}.Release|Any CPU.Build.0 = Release|Any CPU
	EndGlobalSection
	GlobalSection(SolutionProperties) = preSolution
		HideSolutionNode = FALSE
	EndGlobalSection
	GlobalSection(ExtensibilityGlobals) = postSolution
		SolutionGuid = {B2EFDBEB-1D82-414F-8963-1D7269A75CF3}
	EndGlobalSection
EndGlobal
